// !$*UTF8*$!
{
	archiveVersion = 1;
	classes = {
	};
	objectVersion = 46;
	objects = {

/* Begin PBXBuildFile section */
		7201C4D01EB09F040030FD96 /* main.c in Sources */ = {isa = PBXBuildFile; fileRef = 7201C4CF1EB09F040030FD96 /* main.c */; };
		7201C4D81EB09F240030FD96 /* aes.c in Sources */ = {isa = PBXBuildFile; fileRef = 7201C4D61EB09F240030FD96 /* aes.c */; };
/* End PBXBuildFile section */

/* Begin PBXCopyFilesBuildPhase section */
		7201C4CA1EB09F040030FD96 /* CopyFiles */ = {
			isa = PBXCopyFilesBuildPhase;
			buildActionMask = 2147483647;
			dstPath = /usr/share/man/man1/;
			dstSubfolderSpec = 0;
			files = (
			);
			runOnlyForDeploymentPostprocessing = 1;
		};
/* End PBXCopyFilesBuildPhase section */

/* Begin PBXFileReference section */
		7201C4CC1EB09F040030FD96 /* aes */ = {isa = PBXFileReference; explicitFileType = "compiled.mach-o.executable"; includeInIndex = 0; path = aes; sourceTree = BUILT_PRODUCTS_DIR; };
		7201C4CF1EB09F040030FD96 /* main.c */ = {isa = PBXFileReference; lastKnownFileType = sourcecode.c.c; path = main.c; sourceTree = "<group>"; };
		7201C4D61EB09F240030FD96 /* aes.c */ = {isa = PBXFileReference; fileEncoding = 4; lastKnownFileType = sourcecode.c.c; path = aes.c; sourceTree = "<group>"; };
		7201C4D71EB09F240030FD96 /* aes.h */ = {isa = PBXFileReference; fileEncoding = 4; lastKnownFileType = sourcecode.c.h; path = aes.h; sourceTree = "<group>"; };
/* End PBXFileReference section */

/* Begin PBXFrameworksBuildPhase section */
		7201C4C91EB09F040030FD96 /* Frameworks */ = {
			isa = PBXFrameworksBuildPhase;
			buildActionMask = 2147483647;
			files = (
			);
			runOnlyForDeploymentPostprocessing = 0;
		};
/* End PBXFrameworksBuildPhase section */

/* Begin PBXGroup section */
		7201C4C31EB09F040030FD96 = {
			isa = PBXGroup;
			children = (
				7201C4CE1EB09F040030FD96 /* aes */,
				7201C4CD1EB09F040030FD96 /* Products */,
			);
			sourceTree = "<group>";
		};
		7201C4CD1EB09F040030FD96 /* Products */ = {
			isa = PBXGroup;
			children = (
				7201C4CC1EB09F040030FD96 /* aes */,
			);
			name = Products;
			sourceTree = "<group>";
		};
		7201C4CE1EB09F040030FD96 /* aes */ = {
			isa = PBXGroup;
			children = (
				7201C4D61EB09F240030FD96 /* aes.c */,
				7201C4D71EB09F240030FD96 /* aes.h */,
				7201C4CF1EB09F040030FD96 /* main.c */,
			);
			path = aes;
			sourceTree = "<group>";
		};
/* End PBXGroup section */

/* Begin PBXNativeTarget section */
		7201C4CB1EB09F040030FD96 /* aes */ = {
			isa = PBXNativeTarget;
			buildConfigurationList = 7201C4D31EB09F040030FD96 /* Build configuration list for PBXNativeTarget "aes" */;
			buildPhases = (
				7201C4C81EB09F040030FD96 /* Sources */,
				7201C4C91EB09F040030FD96 /* Frameworks */,
				7201C4CA1EB09F040030FD96 /* CopyFiles */,
			);
			buildRules = (
			);
			dependencies = (
			);
			name = aes;
			productName = aes;
			productReference = 7201C4CC1EB09F040030FD96 /* aes */;
			productType = "com.apple.product-type.tool";
		};
/* End PBXNativeTarget section */

/* Begin PBXProject section */
		7201C4C41EB09F040030FD96 /* Project object */ = {
			isa = PBXProject;
			attributes = {
				LastUpgradeCheck = 0830;
				ORGANIZATIONNAME = "LECLE Corp.";
				TargetAttributes = {
					7201C4CB1EB09F040030FD96 = {
						CreatedOnToolsVersion = 8.3.2;
						DevelopmentTeam = 7VQY4LY36X;
						ProvisioningStyle = Automatic;
					};
				};
			};
			buildConfigurationList = 7201C4C71EB09F040030FD96 /* Build configuration list for PBXProject "aes" */;
			compatibilityVersion = "Xcode 3.2";
			developmentRegion = English;
			hasScannedForEncodings = 0;
			knownRegions = (
				en,
			);
			mainGroup = 7201C4C31EB09F040030FD96;
			productRefGroup = 7201C4CD1EB09F040030FD96 /* Products */;
			projectDirPath = "";
			projectRoot = "";
			targets = (
				7201C4CB1EB09F040030FD96 /* aes */,
			);
		};
/* End PBXProject section */

/* Begin PBXSourcesBuildPhase section */
		7201C4C81EB09F040030FD96 /* Sources */ = {
			isa = PBXSourcesBuildPhase;
			buildActionMask = 2147483647;
			files = (
				7201C4D01EB09F040030FD96 /* main.c in Sources */,
				7201C4D81EB09F240030FD96 /* aes.c in Sources */,
			);
			runOnlyForDeploymentPostprocessing = 0;
		};
/* End PBXSourcesBuildPhase section */

/* Begin XCBuildConfiguration section */
		7201C4D11EB09F040030FD96 /* Debug */ = {
			isa = XCBuildConfiguration;
			buildSettings = {
				ALWAYS_SEARCH_USER_PATHS = NO;
				CLANG_ANALYZER_NONNULL = YES;
				CLANG_ANALYZER_NUMBER_OBJECT_CONVERSION = YES_AGGRESSIVE;
				CLANG_CXX_LANGUAGE_STANDARD = "gnu++0x";
				CLANG_CXX_LIBRARY = "libc++";
				CLANG_ENABLE_MODULES = YES;
				CLANG_ENABLE_OBJC_ARC = YES;
				CLANG_WARN_BOOL_CONVERSION = YES;
				CLANG_WARN_CONSTANT_CONVERSION = YES;
				CLANG_WARN_DIRECT_OBJC_ISA_USAGE = YES_ERROR;
				CLANG_WARN_DOCUMENTATION_COMMENTS = YES;
				CLANG_WARN_EMPTY_BODY = YES;
				CLANG_WARN_ENUM_CONVERSION = YES;
				CLANG_WARN_INFINITE_RECURSION = YES;
				CLANG_WARN_INT_CONVERSION = YES;
				CLANG_WARN_OBJC_ROOT_CLASS = YES_ERROR;
				CLANG_WARN_SUSPICIOUS_MOVE = YES;
				CLANG_WARN_UNREACHABLE_CODE = YES;
				CLANG_WARN__DUPLICATE_METHOD_MATCH = YES;
				CODE_SIGN_IDENTITY = "-";
				COPY_PHASE_STRIP = NO;
				DEBUG_INFORMATION_FORMAT = dwarf;
				ENABLE_STRICT_OBJC_MSGSEND = YES;
				ENABLE_TESTABILITY = YES;
				GCC_C_LANGUAGE_STANDARD = gnu99;
				GCC_DYNAMIC_NO_PIC = NO;
				GCC_NO_COMMON_BLOCKS = YES;
				GCC_OPTIMIZATION_LEVEL = 0;
				GCC_PREPROCESSOR_DEFINITIONS = (
					"DEBUG=1",
					"$(inherited)",
				);
				GCC_WARN_64_TO_32_BIT_CONVERSION = YES;
				GCC_WARN_ABOUT_RETURN_TYPE = YES_ERROR;
				GCC_WARN_UNDECLARED_SELECTOR = YES;
				GCC_WARN_UNINITIALIZED_AUTOS = YES_AGGRESSIVE;
				GCC_WARN_UNUSED_FUNCTION = YES;
				GCC_WARN_UNUSED_VARIABLE = YES;
				MACOSX_DEPLOYMENT_TARGET = 10.12;
				MTL_ENABLE_DEBUG_INFO = YES;
				ONLY_ACTIVE_ARCH = YES;
				SDKROOT = macosx;
			};
			name = Debug;
		};
		7201C4D21EB09F040030FD96 /* Release */ = {
			isa = XCBuildConfiguration;
			buildSettings = {
				ALWAYS_SEARCH_USER_PATHS = NO;
				CLANG_ANALYZER_NONNULL = YES;
				CLANG_ANALYZER_NUMBER_OBJECT_CONVERSION = YES_AGGRESSIVE;
				CLANG_CXX_LANGUAGE_STANDARD = "gnu++0x";
				CLANG_CXX_LIBRARY = "libc++";
				CLANG_ENABLE_MODULES = YES;
				CLANG_ENABLE_OBJC_ARC = YES;
				CLANG_WARN_BOOL_CONVERSION = YES;
				CLANG_WARN_CONSTANT_CONVERSION = YES;
				CLANG_WARN_DIRECT_OBJC_ISA_USAGE = YES_ERROR;
				CLANG_WARN_DOCUMENTATION_COMMENTS = YES;
				CLANG_WARN_EMPTY_BODY = YES;
				CLANG_WARN_ENUM_CONVERSION = YES;
				CLANG_WARN_INFINITE_RECURSION = YES;
				CLANG_WARN_INT_CONVERSION = YES;
				CLANG_WARN_OBJC_ROOT_CLASS = YES_ERROR;
				CLANG_WARN_SUSPICIOUS_MOVE = YES;
				CLANG_WARN_UNREACHABLE_CODE = YES;
				CLANG_WARN__DUPLICATE_METHOD_MATCH = YES;
				CODE_SIGN_IDENTITY = "-";
				COPY_PHASE_STRIP = NO;
				DEBUG_INFORMATION_FORMAT = "dwarf-with-dsym";
				ENABLE_NS_ASSERTIONS = NO;
				ENABLE_STRICT_OBJC_MSGSEND = YES;
				GCC_C_LANGUAGE_STANDARD = gnu99;
				GCC_NO_COMMON_BLOCKS = YES;
				GCC_WARN_64_TO_32_BIT_CONVERSION = YES;
				GCC_WARN_ABOUT_RETURN_TYPE = YES_ERROR;
				GCC_WARN_UNDECLARED_SELECTOR = YES;
				GCC_WARN_UNINITIALIZED_AUTOS = YES_AGGRESSIVE;
				GCC_WARN_UNUSED_FUNCTION = YES;
				GCC_WARN_UNUSED_VARIABLE = YES;
				MACOSX_DEPLOYMENT_TARGET = 10.12;
				MTL_ENABLE_DEBUG_INFO = NO;
				SDKROOT = macosx;
			};
			name = Release;
		};
		7201C4D41EB09F040030FD96 /* Debug */ = {
			isa = XCBuildConfiguration;
			buildSettings = {
				DEVELOPMENT_TEAM = 7VQY4LY36X;
				PRODUCT_NAME = "$(TARGET_NAME)";
			};
			name = Debug;
		};
		7201C4D51EB09F040030FD96 /* Release */ = {
			isa = XCBuildConfiguration;
			buildSettings = {
				DEVELOPMENT_TEAM = 7VQY4LY36X;
				PRODUCT_NAME = "$(TARGET_NAME)";
			};
			name = Release;
		};
/* End XCBuildConfiguration section */

/* Begin XCConfigurationList section */
		7201C4C71EB09F040030FD96 /* Build configuration list for PBXProject "aes" */ = {
			isa = XCConfigurationList;
			buildConfigurations = (
				7201C4D11EB09F040030FD96 /* Debug */,
				7201C4D21EB09F040030FD96 /* Release */,
			);
			defaultConfigurationIsVisible = 0;
			defaultConfigurationName = Release;
		};
		7201C4D31EB09F040030FD96 /* Build configuration list for PBXNativeTarget "aes" */ = {
			isa = XCConfigurationList;
			buildConfigurations = (
				7201C4D41EB09F040030FD96 /* Debug */,
				7201C4D51EB09F040030FD96 /* Release */,
			);
			defaultConfigurationIsVisible = 0;
		};
/* End XCConfigurationList section */
	};
	rootObject = 7201C4C41EB09F040030FD96 /* Project object */;
}
